
Microsoft Visual Studio Solution File, Format Version 12.00
# Visual Studio Version 17
VisualStudioVersion = 17.8.34309.116
MinimumVisualStudioVersion = 10.0.40219.1
Project("{FAE04EC0-301F-11D3-BF4B-00C04F79EFBC}") = "VladPC", "VladPC\VladPC.csproj", "{FE64B5E9-0A09-4DB2-AC4B-F2C4892874D3}"
EndProject
Project("{FAE04EC0-301F-11D3-BF4B-00C04F79EFBC}") = "VladPC.DAL", "VladPC.DAL\VladPC.DAL.csproj", "{38D745F1-A93E-4812-B95C-B85EB3F93BB5}"
EndProject
Project("{2150E333-8FDC-42A3-9474-1A3956D46DE8}") = "Tests", "Tests", "{78570AFA-9CD6-4CF0-A1A9-E89F99A595AC}"
EndProject
Project("{FAE04EC0-301F-11D3-BF4B-00C04F79EFBC}") = "TestProject", "TestProject\TestProject.csproj", "{680C42B0-1563-48A7-BA4E-6C09CDF37739}"
EndProject
Project("{FAE04EC0-301F-11D3-BF4B-00C04F79EFBC}") = "VladPC.BLL", "VladPC.BLL\VladPC.BLL.csproj", "{727DDBF8-41DD-4118-906E-FB0B81469531}"
EndProject
Project("{FAE04EC0-301F-11D3-BF4B-00C04F79EFBC}") = "TestWPF", "TestWPF\TestWPF.csproj", "{5165D2AF-9E6F-4BA3-86EB-40EFF0BED194}"
EndProject
Global
	GlobalSection(SolutionConfigurationPlatforms) = preSolution
		Debug|Any CPU = Debug|Any CPU
		Release|Any CPU = Release|Any CPU
	EndGlobalSection
	GlobalSection(ProjectConfigurationPlatforms) = postSolution
		{FE64B5E9-0A09-4DB2-AC4B-F2C4892874D3}.Debug|Any CPU.ActiveCfg = Debug|Any CPU
		{FE64B5E9-0A09-4DB2-AC4B-F2C4892874D3}.Debug|Any CPU.Build.0 = Debug|Any CPU
		{FE64B5E9-0A09-4DB2-AC4B-F2C4892874D3}.Release|Any CPU.ActiveCfg = Release|Any CPU
		{FE64B5E9-0A09-4DB2-AC4B-F2C4892874D3}.Release|Any CPU.Build.0 = Release|Any CPU
		{38D745F1-A93E-4812-B95C-B85EB3F93BB5}.Debug|Any CPU.ActiveCfg = Debug|Any CPU
		{38D745F1-A93E-4812-B95C-B85EB3F93BB5}.Debug|Any CPU.Build.0 = Debug|Any CPU
		{38D745F1-A93E-4812-B95C-B85EB3F93BB5}.Release|Any CPU.ActiveCfg = Release|Any CPU
		{38D745F1-A93E-4812-B95C-B85EB3F93BB5}.Release|Any CPU.Build.0 = Release|Any CPU
		{680C42B0-1563-48A7-BA4E-6C09CDF37739}.Debug|Any CPU.ActiveCfg = Debug|Any CPU
		{680C42B0-1563-48A7-BA4E-6C09CDF37739}.Debug|Any CPU.Build.0 = Debug|Any CPU
		{680C42B0-1563-48A7-BA4E-6C09CDF37739}.Release|Any CPU.ActiveCfg = Release|Any CPU
		{680C42B0-1563-48A7-BA4E-6C09CDF37739}.Release|Any CPU.Build.0 = Release|Any CPU
		{727DDBF8-41DD-4118-906E-FB0B81469531}.Debug|Any CPU.ActiveCfg = Debug|Any CPU
		{727DDBF8-41DD-4118-906E-FB0B81469531}.Debug|Any CPU.Build.0 = Debug|Any CPU
		{727DDBF8-41DD-4118-906E-FB0B81469531}.Release|Any CPU.ActiveCfg = Release|Any CPU
		{727DDBF8-41DD-4118-906E-FB0B81469531}.Release|Any CPU.Build.0 = Release|Any CPU
		{5165D2AF-9E6F-4BA3-86EB-40EFF0BED194}.Debug|Any CPU.ActiveCfg = Debug|Any CPU
		{5165D2AF-9E6F-4BA3-86EB-40EFF0BED194}.Debug|Any CPU.Build.0 = Debug|Any CPU
		{5165D2AF-9E6F-4BA3-86EB-40EFF0BED194}.Release|Any CPU.ActiveCfg = Release|Any CPU
		{5165D2AF-9E6F-4BA3-86EB-40EFF0BED194}.Release|Any CPU.Build.0 = Release|Any CPU
	EndGlobalSection
	GlobalSection(SolutionProperties) = preSolution
		HideSolutionNode = FALSE
	EndGlobalSection
	GlobalSection(NestedProjects) = preSolution
		{680C42B0-1563-48A7-BA4E-6C09CDF37739} = {78570AFA-9CD6-4CF0-A1A9-E89F99A595AC}
		{5165D2AF-9E6F-4BA3-86EB-40EFF0BED194} = {78570AFA-9CD6-4CF0-A1A9-E89F99A595AC}
	EndGlobalSection
	GlobalSection(ExtensibilityGlobals) = postSolution
		SolutionGuid = {1D4995E8-1CD5-4B5C-95C3-281D0396A9C8}
	EndGlobalSection
EndGlobal
